
Microsoft Visual Studio Solution File, Format Version 12.00
# Visual Studio Version 17
VisualStudioVersion = 17.7.34018.315
MinimumVisualStudioVersion = 10.0.40219.1
Project("{FAE04EC0-301F-11D3-BF4B-00C04F79EFBC}") = "Lab_1_ex7", "Lab_1_ex7\Lab_1_ex7.csproj", "{2AB95641-F7CA-4F7C-A46A-454E0BE7ABFA}"
EndProject
Global
	GlobalSection(SolutionConfigurationPlatforms) = preSolution
		Debug|Any CPU = Debug|Any CPU
		Release|Any CPU = Release|Any CPU
	EndGlobalSection
	GlobalSection(ProjectConfigurationPlatforms) = postSolution
		{2AB95641-F7CA-4F7C-A46A-454E0BE7ABFA}.Debug|Any CPU.ActiveCfg = Debug|Any CPU
		{2AB95641-F7CA-4F7C-A46A-454E0BE7ABFA}.Debug|Any CPU.Build.0 = Debug|Any CPU
		{2AB95641-F7CA-4F7C-A46A-454E0BE7ABFA}.Release|Any CPU.ActiveCfg = Release|Any CPU
		{2AB95641-F7CA-4F7C-A46A-454E0BE7ABFA}.Release|Any CPU.Build.0 = Release|Any CPU
	EndGlobalSection
	GlobalSection(SolutionProperties) = preSolution
		HideSolutionNode = FALSE
	EndGlobalSection
	GlobalSection(ExtensibilityGlobals) = postSolution
		SolutionGuid = {49E21836-5A3E-4899-A514-B74241453350}
	EndGlobalSection
EndGlobal
