
Microsoft Visual Studio Solution File, Format Version 12.00
# Visual Studio Version 17
VisualStudioVersion = 17.7.34018.315
MinimumVisualStudioVersion = 10.0.40219.1
Project("{FAE04EC0-301F-11D3-BF4B-00C04F79EFBC}") = "Lab_1_ex6", "Lab_1_ex6\Lab_1_ex6.csproj", "{CC69AB7A-4268-4D46-8265-8D97C21070FD}"
EndProject
Global
	GlobalSection(SolutionConfigurationPlatforms) = preSolution
		Debug|Any CPU = Debug|Any CPU
		Release|Any CPU = Release|Any CPU
	EndGlobalSection
	GlobalSection(ProjectConfigurationPlatforms) = postSolution
		{CC69AB7A-4268-4D46-8265-8D97C21070FD}.Debug|Any CPU.ActiveCfg = Debug|Any CPU
		{CC69AB7A-4268-4D46-8265-8D97C21070FD}.Debug|Any CPU.Build.0 = Debug|Any CPU
		{CC69AB7A-4268-4D46-8265-8D97C21070FD}.Release|Any CPU.ActiveCfg = Release|Any CPU
		{CC69AB7A-4268-4D46-8265-8D97C21070FD}.Release|Any CPU.Build.0 = Release|Any CPU
	EndGlobalSection
	GlobalSection(SolutionProperties) = preSolution
		HideSolutionNode = FALSE
	EndGlobalSection
	GlobalSection(ExtensibilityGlobals) = postSolution
		SolutionGuid = {2BCD737D-5AA0-40D3-9193-94781C354176}
	EndGlobalSection
EndGlobal
